
Microsoft Visual Studio Solution File, Format Version 12.00
# Visual Studio Version 17
VisualStudioVersion = 17.2.32630.192
MinimumVisualStudioVersion = 10.0.40219.1
Project("{FAE04EC0-301F-11D3-BF4B-00C04F79EFBC}") = "Domain", "Domain\Domain.csproj", "{AA333105-04F1-45AC-BC29-6078782F7431}"
EndProject
Project("{FAE04EC0-301F-11D3-BF4B-00C04F79EFBC}") = "Data", "Data\Data.csproj", "{AE08D6B4-720F-4566-9984-DAD80C913305}"
EndProject
Project("{FAE04EC0-301F-11D3-BF4B-00C04F79EFBC}") = "Application", "Application\Application.csproj", "{4EFE01BA-3984-49F1-86D5-20DBE02CE9CE}"
EndProject
Project("{FAE04EC0-301F-11D3-BF4B-00C04F79EFBC}") = "Presentation1", "Presentation1\Presentation1.csproj", "{9ACA7766-A353-44E0-9557-CE76C5AA9D6C}"
EndProject
Global
	GlobalSection(SolutionConfigurationPlatforms) = preSolution
		Debug|Any CPU = Debug|Any CPU
		Release|Any CPU = Release|Any CPU
	EndGlobalSection
	GlobalSection(ProjectConfigurationPlatforms) = postSolution
		{AA333105-04F1-45AC-BC29-6078782F7431}.Debug|Any CPU.ActiveCfg = Debug|Any CPU
		{AA333105-04F1-45AC-BC29-6078782F7431}.Debug|Any CPU.Build.0 = Debug|Any CPU
		{AA333105-04F1-45AC-BC29-6078782F7431}.Release|Any CPU.ActiveCfg = Release|Any CPU
		{AA333105-04F1-45AC-BC29-6078782F7431}.Release|Any CPU.Build.0 = Release|Any CPU
		{AE08D6B4-720F-4566-9984-DAD80C913305}.Debug|Any CPU.ActiveCfg = Debug|Any CPU
		{AE08D6B4-720F-4566-9984-DAD80C913305}.Debug|Any CPU.Build.0 = Debug|Any CPU
		{AE08D6B4-720F-4566-9984-DAD80C913305}.Release|Any CPU.ActiveCfg = Release|Any CPU
		{AE08D6B4-720F-4566-9984-DAD80C913305}.Release|Any CPU.Build.0 = Release|Any CPU
		{4EFE01BA-3984-49F1-86D5-20DBE02CE9CE}.Debug|Any CPU.ActiveCfg = Debug|Any CPU
		{4EFE01BA-3984-49F1-86D5-20DBE02CE9CE}.Debug|Any CPU.Build.0 = Debug|Any CPU
		{4EFE01BA-3984-49F1-86D5-20DBE02CE9CE}.Release|Any CPU.ActiveCfg = Release|Any CPU
		{4EFE01BA-3984-49F1-86D5-20DBE02CE9CE}.Release|Any CPU.Build.0 = Release|Any CPU
		{9ACA7766-A353-44E0-9557-CE76C5AA9D6C}.Debug|Any CPU.ActiveCfg = Debug|Any CPU
		{9ACA7766-A353-44E0-9557-CE76C5AA9D6C}.Debug|Any CPU.Build.0 = Debug|Any CPU
		{9ACA7766-A353-44E0-9557-CE76C5AA9D6C}.Release|Any CPU.ActiveCfg = Release|Any CPU
		{9ACA7766-A353-44E0-9557-CE76C5AA9D6C}.Release|Any CPU.Build.0 = Release|Any CPU
	EndGlobalSection
	GlobalSection(SolutionProperties) = preSolution
		HideSolutionNode = FALSE
	EndGlobalSection
	GlobalSection(ExtensibilityGlobals) = postSolution
		SolutionGuid = {84B291EA-81CF-4D26-A6C0-84BCB0540965}
	EndGlobalSection
EndGlobal
